// !$*UTF8*$!
{
	archiveVersion = 1;
	classes = {
	};
	objectVersion = 51;
	objects = {

/* Begin PBXBuildFile section */
		06AB2C7423013B890087B9BB /* CompanyHeaderView.swift in Sources */ = {isa = PBXBuildFile; fileRef = 06AB2C7323013B890087B9BB /* CompanyHeaderView.swift */; };
		06AB2C7623013BAC0087B9BB /* CompanyHeaderView.xib in Resources */ = {isa = PBXBuildFile; fileRef = 06AB2C7523013BAC0087B9BB /* CompanyHeaderView.xib */; };
		06AB2C7923013C9E0087B9BB /* CompanyDetailView.swift in Sources */ = {isa = PBXBuildFile; fileRef = 06AB2C7823013C9E0087B9BB /* CompanyDetailView.swift */; };
		06AB2C7B23013CB20087B9BB /* CompanyDetailView.xib in Resources */ = {isa = PBXBuildFile; fileRef = 06AB2C7A23013CB20087B9BB /* CompanyDetailView.xib */; };
		06AB2C7E23013D780087B9BB /* CompanyCell.swift in Sources */ = {isa = PBXBuildFile; fileRef = 06AB2C7C23013D780087B9BB /* CompanyCell.swift */; };
		06AB2C7F23013D780087B9BB /* CompanyCell.xib in Resources */ = {isa = PBXBuildFile; fileRef = 06AB2C7D23013D780087B9BB /* CompanyCell.xib */; };
		06AB2C8123015CDE0087B9BB /* CompanyModel.swift in Sources */ = {isa = PBXBuildFile; fileRef = 06AB2C8023015CDE0087B9BB /* CompanyModel.swift */; };
		0FDB963A22F80C76000781E5 /* AppDelegate.swift in Sources */ = {isa = PBXBuildFile; fileRef = 0FDB963922F80C76000781E5 /* AppDelegate.swift */; };
		0FDB964122F80C77000781E5 /* Assets.xcassets in Resources */ = {isa = PBXBuildFile; fileRef = 0FDB964022F80C77000781E5 /* Assets.xcassets */; };
		0FDB964422F80C77000781E5 /* LaunchScreen.storyboard in Resources */ = {isa = PBXBuildFile; fileRef = 0FDB964222F80C77000781E5 /* LaunchScreen.storyboard */; };
		0FDB965522F80FA9000781E5 /* InitializationAssembly.swift in Sources */ = {isa = PBXBuildFile; fileRef = 0FDB965422F80FA9000781E5 /* InitializationAssembly.swift */; };
		0FDB965B22F813F1000781E5 /* SceneType.swift in Sources */ = {isa = PBXBuildFile; fileRef = 0FDB965722F813F1000781E5 /* SceneType.swift */; };
		0FDB965C22F813F1000781E5 /* SceneCoordinatorType.swift in Sources */ = {isa = PBXBuildFile; fileRef = 0FDB965822F813F1000781E5 /* SceneCoordinatorType.swift */; };
		0FDB965D22F813F1000781E5 /* SceneCoordinator.swift in Sources */ = {isa = PBXBuildFile; fileRef = 0FDB965922F813F1000781E5 /* SceneCoordinator.swift */; };
		0FDB965E22F813F1000781E5 /* SceneTransitionType.swift in Sources */ = {isa = PBXBuildFile; fileRef = 0FDB965A22F813F1000781E5 /* SceneTransitionType.swift */; };
		0FDB966022F8141E000781E5 /* ViewControllerResolver.swift in Sources */ = {isa = PBXBuildFile; fileRef = 0FDB965F22F8141E000781E5 /* ViewControllerResolver.swift */; };
		0FDB966222F81435000781E5 /* ViewControllerResolverType.swift in Sources */ = {isa = PBXBuildFile; fileRef = 0FDB966122F81435000781E5 /* ViewControllerResolverType.swift */; };
		0FDB966422F81598000781E5 /* ViewControllerAssembly.swift in Sources */ = {isa = PBXBuildFile; fileRef = 0FDB966322F81598000781E5 /* ViewControllerAssembly.swift */; };
		0FDB966622F815D2000781E5 /* ServiceAssembly.swift in Sources */ = {isa = PBXBuildFile; fileRef = 0FDB966522F815D2000781E5 /* ServiceAssembly.swift */; };
		0FDB966822F81611000781E5 /* CoordinatorAssembly.swift in Sources */ = {isa = PBXBuildFile; fileRef = 0FDB966722F81611000781E5 /* CoordinatorAssembly.swift */; };
		0FDB966A22F8166F000781E5 /* ViewModelAssembly.swift in Sources */ = {isa = PBXBuildFile; fileRef = 0FDB966922F8166F000781E5 /* ViewModelAssembly.swift */; };
		0FDB966D22F817DB000781E5 /* AppCoordinator.swift in Sources */ = {isa = PBXBuildFile; fileRef = 0FDB966C22F817DB000781E5 /* AppCoordinator.swift */; };
		0FDB966F22F81808000781E5 /* AppCoordinatorType.swift in Sources */ = {isa = PBXBuildFile; fileRef = 0FDB966E22F81808000781E5 /* AppCoordinatorType.swift */; };
		0FDB967222F818A3000781E5 /* StartupScene.swift in Sources */ = {isa = PBXBuildFile; fileRef = 0FDB967122F818A3000781E5 /* StartupScene.swift */; };
		0FDB967E22F8196D000781E5 /* CompanySelectViewModelType.swift in Sources */ = {isa = PBXBuildFile; fileRef = 0FDB967D22F8196D000781E5 /* CompanySelectViewModelType.swift */; };
		0FDB968022F8198B000781E5 /* CompanySelectViewModel.swift in Sources */ = {isa = PBXBuildFile; fileRef = 0FDB967F22F8198B000781E5 /* CompanySelectViewModel.swift */; };
		0FDB968322F819E7000781E5 /* BaseViewController.swift in Sources */ = {isa = PBXBuildFile; fileRef = 0FDB968222F819E7000781E5 /* BaseViewController.swift */; };
		0FDB968622F81A50000781E5 /* CompanySelectViewController.swift in Sources */ = {isa = PBXBuildFile; fileRef = 0FDB968422F81A50000781E5 /* CompanySelectViewController.swift */; };
		0FDB968722F81A50000781E5 /* CompanySelectViewController.xib in Resources */ = {isa = PBXBuildFile; fileRef = 0FDB968522F81A50000781E5 /* CompanySelectViewController.xib */; };
		0FDB968922F81BC3000781E5 /* InvoiceListViewModelType.swift in Sources */ = {isa = PBXBuildFile; fileRef = 0FDB968822F81BC3000781E5 /* InvoiceListViewModelType.swift */; };
		0FDB968B22F81BD7000781E5 /* InvoiceListViewModel.swift in Sources */ = {isa = PBXBuildFile; fileRef = 0FDB968A22F81BD7000781E5 /* InvoiceListViewModel.swift */; };
		0FDB968E22F81C01000781E5 /* InvoiceListViewController.swift in Sources */ = {isa = PBXBuildFile; fileRef = 0FDB968C22F81C01000781E5 /* InvoiceListViewController.swift */; };
		0FDB968F22F81C01000781E5 /* InvoiceListViewController.xib in Resources */ = {isa = PBXBuildFile; fileRef = 0FDB968D22F81C01000781E5 /* InvoiceListViewController.xib */; };
		59026368230411AB0017C4D5 /* CustomerAddressCell.swift in Sources */ = {isa = PBXBuildFile; fileRef = 59026366230411AB0017C4D5 /* CustomerAddressCell.swift */; };
		59026369230411AB0017C4D5 /* CustomerAddressCell.xib in Resources */ = {isa = PBXBuildFile; fileRef = 59026367230411AB0017C4D5 /* CustomerAddressCell.xib */; };
		5902636B230411F60017C4D5 /* CustomerAddressView.xib in Resources */ = {isa = PBXBuildFile; fileRef = 5902636A230411F60017C4D5 /* CustomerAddressView.xib */; };
		5902636D230412150017C4D5 /* CustomerAddressView.swift in Sources */ = {isa = PBXBuildFile; fileRef = 5902636C230412150017C4D5 /* CustomerAddressView.swift */; };
		590B98F62302B7F80006FCA6 /* CustomerDetailsCell.swift in Sources */ = {isa = PBXBuildFile; fileRef = 590B98F42302B7F80006FCA6 /* CustomerDetailsCell.swift */; };
		590B98F72302B7F80006FCA6 /* CustomerDetailsCell.xib in Resources */ = {isa = PBXBuildFile; fileRef = 590B98F52302B7F80006FCA6 /* CustomerDetailsCell.xib */; };
		590B98FD2302BA1B0006FCA6 /* CustomerDetailView.xib in Resources */ = {isa = PBXBuildFile; fileRef = 590B98FC2302BA1B0006FCA6 /* CustomerDetailView.xib */; };
		590B98FF2302BA2E0006FCA6 /* CustomerDetailView.swift in Sources */ = {isa = PBXBuildFile; fileRef = 590B98FE2302BA2E0006FCA6 /* CustomerDetailView.swift */; };
		5926DD45230BE92100D7CE29 /* UIView + Shadow.swift in Sources */ = {isa = PBXBuildFile; fileRef = 5926DD44230BE92100D7CE29 /* UIView + Shadow.swift */; };
		592B11CB22F997E60068772E /* InvoiceCollectionFlowLayout.swift in Sources */ = {isa = PBXBuildFile; fileRef = 592B11CA22F997E60068772E /* InvoiceCollectionFlowLayout.swift */; };
		592B11D022FA98FF0068772E /* UICollectionFlowLayout + "".swift in Sources */ = {isa = PBXBuildFile; fileRef = 592B11CF22FA98FF0068772E /* UICollectionFlowLayout + "".swift */; };
		5934C8F622F96337001A8292 /* InvoiceModel.swift in Sources */ = {isa = PBXBuildFile; fileRef = 5934C8F522F96337001A8292 /* InvoiceModel.swift */; };
		5934C8FA22F96477001A8292 /* InvoiceCollectionViewCell.swift in Sources */ = {isa = PBXBuildFile; fileRef = 5934C8F822F96477001A8292 /* InvoiceCollectionViewCell.swift */; };
		5934C8FB22F96477001A8292 /* InvoiceCollectionViewCell.xib in Resources */ = {isa = PBXBuildFile; fileRef = 5934C8F922F96477001A8292 /* InvoiceCollectionViewCell.xib */; };
		5938D1B9230A933A0067C295 /* NewInvoiceViewModel.swift in Sources */ = {isa = PBXBuildFile; fileRef = 5938D1B8230A933A0067C295 /* NewInvoiceViewModel.swift */; };
		5938D1BB230A93490067C295 /* NewInvoiceViewModelType.swift in Sources */ = {isa = PBXBuildFile; fileRef = 5938D1BA230A93490067C295 /* NewInvoiceViewModelType.swift */; };
		5938D1BE230AA59A0067C295 /* InvoiceService.swift in Sources */ = {isa = PBXBuildFile; fileRef = 5938D1BD230AA59A0067C295 /* InvoiceService.swift */; };
		5938D1C1230AB3B70067C295 /* InvoiceModel.xcdatamodeld in Sources */ = {isa = PBXBuildFile; fileRef = 5938D1BF230AB3B70067C295 /* InvoiceModel.xcdatamodeld */; };
		5938D1F4230AE38A0067C295 /* InvoiceForm.swift in Sources */ = {isa = PBXBuildFile; fileRef = 5938D1F3230AE38A0067C295 /* InvoiceForm.swift */; };
		5938D1F6230AE4A70067C295 /* InvoiceForm.xib in Resources */ = {isa = PBXBuildFile; fileRef = 5938D1F5230AE4A70067C295 /* InvoiceForm.xib */; };
		5938D1F8230AF3F00067C295 /* UITextField + Placeholder color.swift in Sources */ = {isa = PBXBuildFile; fileRef = 5938D1F7230AF3F00067C295 /* UITextField + Placeholder color.swift */; };
		5938D1FB230B40660067C295 /* UITextField + Padding.swift in Sources */ = {isa = PBXBuildFile; fileRef = 5938D1FA230B40660067C295 /* UITextField + Padding.swift */; };
		5940B446230A6A2300BE234A /* NewInvoiceViewController.swift in Sources */ = {isa = PBXBuildFile; fileRef = 5940B444230A6A2300BE234A /* NewInvoiceViewController.swift */; };
		5940B447230A6A2300BE234A /* NewInvoiceViewController.xib in Resources */ = {isa = PBXBuildFile; fileRef = 5940B445230A6A2300BE234A /* NewInvoiceViewController.xib */; };
		596390A522FF740600C21658 /* menuBar.xib in Resources */ = {isa = PBXBuildFile; fileRef = 596390A422FF740600C21658 /* menuBar.xib */; };
		596390A722FF747300C21658 /* menuBar.swift in Sources */ = {isa = PBXBuildFile; fileRef = 596390A622FF747300C21658 /* menuBar.swift */; };
		599331B123014F3E00C024EC /* InvoiceDetailTopView.xib in Resources */ = {isa = PBXBuildFile; fileRef = 599331B023014F3E00C024EC /* InvoiceDetailTopView.xib */; };
		599331B323014F8A00C024EC /* InvoiceDetailTopView.swift in Sources */ = {isa = PBXBuildFile; fileRef = 599331B223014F8A00C024EC /* InvoiceDetailTopView.swift */; };
		599C0C9F2303DB1900CA7DB4 /* CellError.swift in Sources */ = {isa = PBXBuildFile; fileRef = 599C0C9E2303DB1900CA7DB4 /* CellError.swift */; };
		59AB929D230D0C4C00AA747F /* Company+CoreDataClass.swift in Sources */ = {isa = PBXBuildFile; fileRef = 59AB9298230D0C4300AA747F /* Company+CoreDataClass.swift */; };
		59AB929E230D0C4C00AA747F /* CoreData.xcdatamodeld in Sources */ = {isa = PBXBuildFile; fileRef = 59AB9299230D0C4300AA747F /* CoreData.xcdatamodeld */; };
		59AB929F230D0C4C00AA747F /* Company+CoreDataProperties.swift in Sources */ = {isa = PBXBuildFile; fileRef = 59AB929B230D0C4300AA747F /* Company+CoreDataProperties.swift */; };
		59AB92A0230D0C4C00AA747F /* PersistanceManager.swift in Sources */ = {isa = PBXBuildFile; fileRef = 59AB929C230D0C4300AA747F /* PersistanceManager.swift */; };
		59CA9F3522FBFE64000C6AA9 /* InvoiceDetailViewController.swift in Sources */ = {isa = PBXBuildFile; fileRef = 59CA9F3322FBFE64000C6AA9 /* InvoiceDetailViewController.swift */; };
		59CA9F3622FBFE64000C6AA9 /* InvoiceDetailViewController.xib in Resources */ = {isa = PBXBuildFile; fileRef = 59CA9F3422FBFE64000C6AA9 /* InvoiceDetailViewController.xib */; };
		59CA9F6D22FD4625000C6AA9 /* InvoiceDetailViewModel.swift in Sources */ = {isa = PBXBuildFile; fileRef = 59CA9F6C22FD4625000C6AA9 /* InvoiceDetailViewModel.swift */; };
		59CA9F6F22FD4764000C6AA9 /* InvoiceDetailViewModelType.swift in Sources */ = {isa = PBXBuildFile; fileRef = 59CA9F6E22FD4764000C6AA9 /* InvoiceDetailViewModelType.swift */; };
		59CA9F7422FD73C8000C6AA9 /* UILabel + Padding.swift in Sources */ = {isa = PBXBuildFile; fileRef = 59CA9F7322FD73C8000C6AA9 /* UILabel + Padding.swift */; };
		59D0E2D02305D2B8005D6795 /* CustomerItemsCell.swift in Sources */ = {isa = PBXBuildFile; fileRef = 59D0E2CE2305D2B8005D6795 /* CustomerItemsCell.swift */; };
		59D0E2D12305D2B8005D6795 /* CustomerItemsCell.xib in Resources */ = {isa = PBXBuildFile; fileRef = 59D0E2CF2305D2B8005D6795 /* CustomerItemsCell.xib */; };
		59D0E2D42305D357005D6795 /* CustomerItemsView.xib in Resources */ = {isa = PBXBuildFile; fileRef = 59D0E2D32305D357005D6795 /* CustomerItemsView.xib */; };
		59D0E2D62305D363005D6795 /* CustomerItemsView.swift in Sources */ = {isa = PBXBuildFile; fileRef = 59D0E2D52305D363005D6795 /* CustomerItemsView.swift */; };
		E12702C4B10F016B6EA6D44B /* Pods_invoice_app.framework in Frameworks */ = {isa = PBXBuildFile; fileRef = 6095893B07F4534388E44CAF /* Pods_invoice_app.framework */; };
/* End PBXBuildFile section */

/* Begin PBXFileReference section */
		06AB2C7323013B890087B9BB /* CompanyHeaderView.swift */ = {isa = PBXFileReference; lastKnownFileType = sourcecode.swift; path = CompanyHeaderView.swift; sourceTree = SOURCE_ROOT; };
		06AB2C7523013BAC0087B9BB /* CompanyHeaderView.xib */ = {isa = PBXFileReference; lastKnownFileType = file.xib; path = CompanyHeaderView.xib; sourceTree = SOURCE_ROOT; };
		06AB2C7823013C9E0087B9BB /* CompanyDetailView.swift */ = {isa = PBXFileReference; lastKnownFileType = sourcecode.swift; path = CompanyDetailView.swift; sourceTree = "<group>"; };
		06AB2C7A23013CB20087B9BB /* CompanyDetailView.xib */ = {isa = PBXFileReference; lastKnownFileType = file.xib; path = CompanyDetailView.xib; sourceTree = "<group>"; };
		06AB2C7C23013D780087B9BB /* CompanyCell.swift */ = {isa = PBXFileReference; lastKnownFileType = sourcecode.swift; path = CompanyCell.swift; sourceTree = "<group>"; };
		06AB2C7D23013D780087B9BB /* CompanyCell.xib */ = {isa = PBXFileReference; lastKnownFileType = file.xib; path = CompanyCell.xib; sourceTree = "<group>"; };
		06AB2C8023015CDE0087B9BB /* CompanyModel.swift */ = {isa = PBXFileReference; lastKnownFileType = sourcecode.swift; name = CompanyModel.swift; path = "invoice-app/Modules/CompanySelect/Views/CompanyModel.swift"; sourceTree = SOURCE_ROOT; };
		0FDB963622F80C76000781E5 /* invoice-app.app */ = {isa = PBXFileReference; explicitFileType = wrapper.application; includeInIndex = 0; path = "invoice-app.app"; sourceTree = BUILT_PRODUCTS_DIR; };
		0FDB963922F80C76000781E5 /* AppDelegate.swift */ = {isa = PBXFileReference; lastKnownFileType = sourcecode.swift; path = AppDelegate.swift; sourceTree = "<group>"; };
		0FDB964022F80C77000781E5 /* Assets.xcassets */ = {isa = PBXFileReference; lastKnownFileType = folder.assetcatalog; path = Assets.xcassets; sourceTree = "<group>"; };
		0FDB964322F80C77000781E5 /* Base */ = {isa = PBXFileReference; lastKnownFileType = file.storyboard; name = Base; path = Base.lproj/LaunchScreen.storyboard; sourceTree = "<group>"; };
		0FDB964522F80C77000781E5 /* Info.plist */ = {isa = PBXFileReference; lastKnownFileType = text.plist.xml; path = Info.plist; sourceTree = "<group>"; };
		0FDB965422F80FA9000781E5 /* InitializationAssembly.swift */ = {isa = PBXFileReference; lastKnownFileType = sourcecode.swift; path = InitializationAssembly.swift; sourceTree = "<group>"; };
		0FDB965722F813F1000781E5 /* SceneType.swift */ = {isa = PBXFileReference; fileEncoding = 4; lastKnownFileType = sourcecode.swift; path = SceneType.swift; sourceTree = "<group>"; };
		0FDB965822F813F1000781E5 /* SceneCoordinatorType.swift */ = {isa = PBXFileReference; fileEncoding = 4; lastKnownFileType = sourcecode.swift; path = SceneCoordinatorType.swift; sourceTree = "<group>"; };
		0FDB965922F813F1000781E5 /* SceneCoordinator.swift */ = {isa = PBXFileReference; fileEncoding = 4; lastKnownFileType = sourcecode.swift; path = SceneCoordinator.swift; sourceTree = "<group>"; };
		0FDB965A22F813F1000781E5 /* SceneTransitionType.swift */ = {isa = PBXFileReference; fileEncoding = 4; lastKnownFileType = sourcecode.swift; path = SceneTransitionType.swift; sourceTree = "<group>"; };
		0FDB965F22F8141E000781E5 /* ViewControllerResolver.swift */ = {isa = PBXFileReference; lastKnownFileType = sourcecode.swift; path = ViewControllerResolver.swift; sourceTree = "<group>"; };
		0FDB966122F81435000781E5 /* ViewControllerResolverType.swift */ = {isa = PBXFileReference; lastKnownFileType = sourcecode.swift; path = ViewControllerResolverType.swift; sourceTree = "<group>"; };
		0FDB966322F81598000781E5 /* ViewControllerAssembly.swift */ = {isa = PBXFileReference; lastKnownFileType = sourcecode.swift; path = ViewControllerAssembly.swift; sourceTree = "<group>"; };
		0FDB966522F815D2000781E5 /* ServiceAssembly.swift */ = {isa = PBXFileReference; lastKnownFileType = sourcecode.swift; path = ServiceAssembly.swift; sourceTree = "<group>"; };
		0FDB966722F81611000781E5 /* CoordinatorAssembly.swift */ = {isa = PBXFileReference; lastKnownFileType = sourcecode.swift; path = CoordinatorAssembly.swift; sourceTree = "<group>"; };
		0FDB966922F8166F000781E5 /* ViewModelAssembly.swift */ = {isa = PBXFileReference; lastKnownFileType = sourcecode.swift; path = ViewModelAssembly.swift; sourceTree = "<group>"; };
		0FDB966C22F817DB000781E5 /* AppCoordinator.swift */ = {isa = PBXFileReference; lastKnownFileType = sourcecode.swift; path = AppCoordinator.swift; sourceTree = "<group>"; };
		0FDB966E22F81808000781E5 /* AppCoordinatorType.swift */ = {isa = PBXFileReference; lastKnownFileType = sourcecode.swift; path = AppCoordinatorType.swift; sourceTree = "<group>"; };
		0FDB967122F818A3000781E5 /* StartupScene.swift */ = {isa = PBXFileReference; lastKnownFileType = sourcecode.swift; path = StartupScene.swift; sourceTree = "<group>"; };
		0FDB967D22F8196D000781E5 /* CompanySelectViewModelType.swift */ = {isa = PBXFileReference; lastKnownFileType = sourcecode.swift; path = CompanySelectViewModelType.swift; sourceTree = "<group>"; };
		0FDB967F22F8198B000781E5 /* CompanySelectViewModel.swift */ = {isa = PBXFileReference; lastKnownFileType = sourcecode.swift; path = CompanySelectViewModel.swift; sourceTree = "<group>"; };
		0FDB968222F819E7000781E5 /* BaseViewController.swift */ = {isa = PBXFileReference; lastKnownFileType = sourcecode.swift; path = BaseViewController.swift; sourceTree = "<group>"; };
		0FDB968422F81A50000781E5 /* CompanySelectViewController.swift */ = {isa = PBXFileReference; lastKnownFileType = sourcecode.swift; path = CompanySelectViewController.swift; sourceTree = "<group>"; };
		0FDB968522F81A50000781E5 /* CompanySelectViewController.xib */ = {isa = PBXFileReference; lastKnownFileType = file.xib; path = CompanySelectViewController.xib; sourceTree = "<group>"; };
		0FDB968822F81BC3000781E5 /* InvoiceListViewModelType.swift */ = {isa = PBXFileReference; lastKnownFileType = sourcecode.swift; path = InvoiceListViewModelType.swift; sourceTree = "<group>"; };
		0FDB968A22F81BD7000781E5 /* InvoiceListViewModel.swift */ = {isa = PBXFileReference; lastKnownFileType = sourcecode.swift; path = InvoiceListViewModel.swift; sourceTree = "<group>"; };
		0FDB968C22F81C01000781E5 /* InvoiceListViewController.swift */ = {isa = PBXFileReference; lastKnownFileType = sourcecode.swift; path = InvoiceListViewController.swift; sourceTree = "<group>"; };
		0FDB968D22F81C01000781E5 /* InvoiceListViewController.xib */ = {isa = PBXFileReference; lastKnownFileType = file.xib; path = InvoiceListViewController.xib; sourceTree = "<group>"; };
		2CAE98E5C520527D407163D0 /* Pods-invoice-app.release.xcconfig */ = {isa = PBXFileReference; includeInIndex = 1; lastKnownFileType = text.xcconfig; name = "Pods-invoice-app.release.xcconfig"; path = "Target Support Files/Pods-invoice-app/Pods-invoice-app.release.xcconfig"; sourceTree = "<group>"; };
		59026366230411AB0017C4D5 /* CustomerAddressCell.swift */ = {isa = PBXFileReference; lastKnownFileType = sourcecode.swift; path = CustomerAddressCell.swift; sourceTree = "<group>"; };
		59026367230411AB0017C4D5 /* CustomerAddressCell.xib */ = {isa = PBXFileReference; lastKnownFileType = file.xib; path = CustomerAddressCell.xib; sourceTree = "<group>"; };
		5902636A230411F60017C4D5 /* CustomerAddressView.xib */ = {isa = PBXFileReference; lastKnownFileType = file.xib; path = CustomerAddressView.xib; sourceTree = "<group>"; };
		5902636C230412150017C4D5 /* CustomerAddressView.swift */ = {isa = PBXFileReference; lastKnownFileType = sourcecode.swift; path = CustomerAddressView.swift; sourceTree = "<group>"; };
		590B98F42302B7F80006FCA6 /* CustomerDetailsCell.swift */ = {isa = PBXFileReference; lastKnownFileType = sourcecode.swift; path = CustomerDetailsCell.swift; sourceTree = "<group>"; };
		590B98F52302B7F80006FCA6 /* CustomerDetailsCell.xib */ = {isa = PBXFileReference; lastKnownFileType = file.xib; path = CustomerDetailsCell.xib; sourceTree = "<group>"; };
		590B98FC2302BA1B0006FCA6 /* CustomerDetailView.xib */ = {isa = PBXFileReference; lastKnownFileType = file.xib; path = CustomerDetailView.xib; sourceTree = "<group>"; };
		590B98FE2302BA2E0006FCA6 /* CustomerDetailView.swift */ = {isa = PBXFileReference; lastKnownFileType = sourcecode.swift; path = CustomerDetailView.swift; sourceTree = "<group>"; };
		5926DD44230BE92100D7CE29 /* UIView + Shadow.swift */ = {isa = PBXFileReference; lastKnownFileType = sourcecode.swift; path = "UIView + Shadow.swift"; sourceTree = "<group>"; };
		592B11CA22F997E60068772E /* InvoiceCollectionFlowLayout.swift */ = {isa = PBXFileReference; lastKnownFileType = sourcecode.swift; path = InvoiceCollectionFlowLayout.swift; sourceTree = "<group>"; };
		592B11CF22FA98FF0068772E /* UICollectionFlowLayout + "".swift */ = {isa = PBXFileReference; lastKnownFileType = sourcecode.swift; path = "UICollectionFlowLayout + \"\".swift"; sourceTree = "<group>"; };
		5934C8F522F96337001A8292 /* InvoiceModel.swift */ = {isa = PBXFileReference; lastKnownFileType = sourcecode.swift; path = InvoiceModel.swift; sourceTree = "<group>"; };
		5934C8F822F96477001A8292 /* InvoiceCollectionViewCell.swift */ = {isa = PBXFileReference; lastKnownFileType = sourcecode.swift; path = InvoiceCollectionViewCell.swift; sourceTree = "<group>"; };
		5934C8F922F96477001A8292 /* InvoiceCollectionViewCell.xib */ = {isa = PBXFileReference; lastKnownFileType = file.xib; path = InvoiceCollectionViewCell.xib; sourceTree = "<group>"; };
		5938D1B8230A933A0067C295 /* NewInvoiceViewModel.swift */ = {isa = PBXFileReference; lastKnownFileType = sourcecode.swift; path = NewInvoiceViewModel.swift; sourceTree = "<group>"; };
		5938D1BA230A93490067C295 /* NewInvoiceViewModelType.swift */ = {isa = PBXFileReference; lastKnownFileType = sourcecode.swift; path = NewInvoiceViewModelType.swift; sourceTree = "<group>"; };
		5938D1BD230AA59A0067C295 /* InvoiceService.swift */ = {isa = PBXFileReference; lastKnownFileType = sourcecode.swift; path = InvoiceService.swift; sourceTree = "<group>"; };
		5938D1C0230AB3B70067C295 /* InvoiceModel.xcdatamodel */ = {isa = PBXFileReference; lastKnownFileType = wrapper.xcdatamodel; path = InvoiceModel.xcdatamodel; sourceTree = "<group>"; };
		5938D1F3230AE38A0067C295 /* InvoiceForm.swift */ = {isa = PBXFileReference; lastKnownFileType = sourcecode.swift; path = InvoiceForm.swift; sourceTree = "<group>"; };
		5938D1F5230AE4A70067C295 /* InvoiceForm.xib */ = {isa = PBXFileReference; lastKnownFileType = file.xib; path = InvoiceForm.xib; sourceTree = "<group>"; };
		5938D1F7230AF3F00067C295 /* UITextField + Placeholder color.swift */ = {isa = PBXFileReference; lastKnownFileType = sourcecode.swift; path = "UITextField + Placeholder color.swift"; sourceTree = "<group>"; };
		5938D1FA230B40660067C295 /* UITextField + Padding.swift */ = {isa = PBXFileReference; lastKnownFileType = sourcecode.swift; path = "UITextField + Padding.swift"; sourceTree = "<group>"; };
		5940B444230A6A2300BE234A /* NewInvoiceViewController.swift */ = {isa = PBXFileReference; lastKnownFileType = sourcecode.swift; path = NewInvoiceViewController.swift; sourceTree = "<group>"; };
		5940B445230A6A2300BE234A /* NewInvoiceViewController.xib */ = {isa = PBXFileReference; lastKnownFileType = file.xib; path = NewInvoiceViewController.xib; sourceTree = "<group>"; };
		596390A422FF740600C21658 /* menuBar.xib */ = {isa = PBXFileReference; lastKnownFileType = file.xib; path = menuBar.xib; sourceTree = "<group>"; };
		596390A622FF747300C21658 /* menuBar.swift */ = {isa = PBXFileReference; lastKnownFileType = sourcecode.swift; path = menuBar.swift; sourceTree = "<group>"; };
		599331B023014F3E00C024EC /* InvoiceDetailTopView.xib */ = {isa = PBXFileReference; lastKnownFileType = file.xib; path = InvoiceDetailTopView.xib; sourceTree = "<group>"; };
		599331B223014F8A00C024EC /* InvoiceDetailTopView.swift */ = {isa = PBXFileReference; lastKnownFileType = sourcecode.swift; path = InvoiceDetailTopView.swift; sourceTree = "<group>"; };
		599C0C9E2303DB1900CA7DB4 /* CellError.swift */ = {isa = PBXFileReference; lastKnownFileType = sourcecode.swift; path = CellError.swift; sourceTree = "<group>"; };
		59AB9298230D0C4300AA747F /* Company+CoreDataClass.swift */ = {isa = PBXFileReference; fileEncoding = 4; lastKnownFileType = sourcecode.swift; path = "Company+CoreDataClass.swift"; sourceTree = "<group>"; };
		59AB929A230D0C4300AA747F /* CoreData.xcdatamodel */ = {isa = PBXFileReference; lastKnownFileType = wrapper.xcdatamodel; path = CoreData.xcdatamodel; sourceTree = "<group>"; };
		59AB929B230D0C4300AA747F /* Company+CoreDataProperties.swift */ = {isa = PBXFileReference; fileEncoding = 4; lastKnownFileType = sourcecode.swift; path = "Company+CoreDataProperties.swift"; sourceTree = "<group>"; };
		59AB929C230D0C4300AA747F /* PersistanceManager.swift */ = {isa = PBXFileReference; fileEncoding = 4; lastKnownFileType = sourcecode.swift; path = PersistanceManager.swift; sourceTree = "<group>"; };
		59CA9F3322FBFE64000C6AA9 /* InvoiceDetailViewController.swift */ = {isa = PBXFileReference; lastKnownFileType = sourcecode.swift; path = InvoiceDetailViewController.swift; sourceTree = "<group>"; };
		59CA9F3422FBFE64000C6AA9 /* InvoiceDetailViewController.xib */ = {isa = PBXFileReference; lastKnownFileType = file.xib; path = InvoiceDetailViewController.xib; sourceTree = "<group>"; };
		59CA9F6C22FD4625000C6AA9 /* InvoiceDetailViewModel.swift */ = {isa = PBXFileReference; lastKnownFileType = sourcecode.swift; path = InvoiceDetailViewModel.swift; sourceTree = "<group>"; };
		59CA9F6E22FD4764000C6AA9 /* InvoiceDetailViewModelType.swift */ = {isa = PBXFileReference; lastKnownFileType = sourcecode.swift; path = InvoiceDetailViewModelType.swift; sourceTree = "<group>"; };
		59CA9F7322FD73C8000C6AA9 /* UILabel + Padding.swift */ = {isa = PBXFileReference; lastKnownFileType = sourcecode.swift; path = "UILabel + Padding.swift"; sourceTree = "<group>"; };
		59D0E2CE2305D2B8005D6795 /* CustomerItemsCell.swift */ = {isa = PBXFileReference; lastKnownFileType = sourcecode.swift; path = CustomerItemsCell.swift; sourceTree = "<group>"; };
		59D0E2CF2305D2B8005D6795 /* CustomerItemsCell.xib */ = {isa = PBXFileReference; lastKnownFileType = file.xib; path = CustomerItemsCell.xib; sourceTree = "<group>"; };
		59D0E2D32305D357005D6795 /* CustomerItemsView.xib */ = {isa = PBXFileReference; lastKnownFileType = file.xib; path = CustomerItemsView.xib; sourceTree = "<group>"; };
		59D0E2D52305D363005D6795 /* CustomerItemsView.swift */ = {isa = PBXFileReference; lastKnownFileType = sourcecode.swift; path = CustomerItemsView.swift; sourceTree = "<group>"; };
		6095893B07F4534388E44CAF /* Pods_invoice_app.framework */ = {isa = PBXFileReference; explicitFileType = wrapper.framework; includeInIndex = 0; path = Pods_invoice_app.framework; sourceTree = BUILT_PRODUCTS_DIR; };
		F0E080F474F34AB30220EEED /* Pods-invoice-app.debug.xcconfig */ = {isa = PBXFileReference; includeInIndex = 1; lastKnownFileType = text.xcconfig; name = "Pods-invoice-app.debug.xcconfig"; path = "Target Support Files/Pods-invoice-app/Pods-invoice-app.debug.xcconfig"; sourceTree = "<group>"; };
/* End PBXFileReference section */

/* Begin PBXFrameworksBuildPhase section */
		0FDB963322F80C76000781E5 /* Frameworks */ = {
			isa = PBXFrameworksBuildPhase;
			buildActionMask = 2147483647;
			files = (
				E12702C4B10F016B6EA6D44B /* Pods_invoice_app.framework in Frameworks */,
			);
			runOnlyForDeploymentPostprocessing = 0;
		};
/* End PBXFrameworksBuildPhase section */

/* Begin PBXGroup section */
		0FDB962D22F80C76000781E5 = {
			isa = PBXGroup;
			children = (
				0FDB963822F80C76000781E5 /* invoice-app */,
				0FDB963722F80C76000781E5 /* Products */,
				25574C7B8DA4C1E580D78EF4 /* Pods */,
				F4CCCBF1B3EA42DEAA5971D9 /* Frameworks */,
			);
			sourceTree = "<group>";
		};
		0FDB963722F80C76000781E5 /* Products */ = {
			isa = PBXGroup;
			children = (
				0FDB963622F80C76000781E5 /* invoice-app.app */,
			);
			name = Products;
			sourceTree = "<group>";
		};
		0FDB963822F80C76000781E5 /* invoice-app */ = {
			isa = PBXGroup;
			children = (
				0FDB964E22F80DD3000781E5 /* Init */,
				0FDB964B22F80D3B000781E5 /* Modules */,
				0FDB966B22F817B6000781E5 /* Coordinators */,
				0FDB965322F80F7B000781E5 /* Assembly */,
				0FDB964F22F80DEA000781E5 /* Library */,
				0FDB964D22F80DBD000781E5 /* Resources */,
				0FDB964C22F80D8F000781E5 /* Configuration */,
			);
			path = "invoice-app";
			sourceTree = "<group>";
		};
		0FDB964B22F80D3B000781E5 /* Modules */ = {
			isa = PBXGroup;
			children = (
				599331BA23028DAB00C024EC /* NewInvoice */,
				592B11D222FAB7CC0068772E /* InvoiceDetails */,
				0FDB967822F8193E000781E5 /* InvoiceList */,
				0FDB967322F8191A000781E5 /* CompanySelect */,
			);
			path = Modules;
			sourceTree = "<group>";
		};
		0FDB964C22F80D8F000781E5 /* Configuration */ = {
			isa = PBXGroup;
			children = (
				0FDB964522F80C77000781E5 /* Info.plist */,
			);
			path = Configuration;
			sourceTree = "<group>";
		};
		0FDB964D22F80DBD000781E5 /* Resources */ = {
			isa = PBXGroup;
			children = (
				0FDB964022F80C77000781E5 /* Assets.xcassets */,
			);
			path = Resources;
			sourceTree = "<group>";
		};
		0FDB964E22F80DD3000781E5 /* Init */ = {
			isa = PBXGroup;
			children = (
				0FDB963922F80C76000781E5 /* AppDelegate.swift */,
				0FDB964222F80C77000781E5 /* LaunchScreen.storyboard */,
			);
			path = Init;
			sourceTree = "<group>";
		};
		0FDB964F22F80DEA000781E5 /* Library */ = {
			isa = PBXGroup;
			children = (
				59AB9296230D0C4300AA747F /* Services */,
				5938D1BC230AA5890067C295 /* Service */,
				599C0C9D2303DB0200CA7DB4 /* Errors */,
				592B11CE22FA98E30068772E /* Extensions */,
				5934C8FC22F96C9A001A8292 /* Layouts */,
				0FDB968122F819CB000781E5 /* Controllers */,
				0FDB965622F80FDB000781E5 /* Coordinator */,
				0FDB965122F80E00000781E5 /* Constants */,
			);
			path = Library;
			sourceTree = "<group>";
		};
		0FDB965122F80E00000781E5 /* Constants */ = {
			isa = PBXGroup;
			children = (
			);
			path = Constants;
			sourceTree = "<group>";
		};
		0FDB965322F80F7B000781E5 /* Assembly */ = {
			isa = PBXGroup;
			children = (
				0FDB965422F80FA9000781E5 /* InitializationAssembly.swift */,
				0FDB966322F81598000781E5 /* ViewControllerAssembly.swift */,
				0FDB966522F815D2000781E5 /* ServiceAssembly.swift */,
				0FDB966722F81611000781E5 /* CoordinatorAssembly.swift */,
				0FDB966922F8166F000781E5 /* ViewModelAssembly.swift */,
			);
			path = Assembly;
			sourceTree = "<group>";
		};
		0FDB965622F80FDB000781E5 /* Coordinator */ = {
			isa = PBXGroup;
			children = (
				0FDB965922F813F1000781E5 /* SceneCoordinator.swift */,
				0FDB965822F813F1000781E5 /* SceneCoordinatorType.swift */,
				0FDB965A22F813F1000781E5 /* SceneTransitionType.swift */,
				0FDB965722F813F1000781E5 /* SceneType.swift */,
				0FDB965F22F8141E000781E5 /* ViewControllerResolver.swift */,
				0FDB966122F81435000781E5 /* ViewControllerResolverType.swift */,
			);
			path = Coordinator;
			sourceTree = "<group>";
		};
		0FDB966B22F817B6000781E5 /* Coordinators */ = {
			isa = PBXGroup;
			children = (
				0FDB967022F8188F000781E5 /* Scenes */,
				0FDB966C22F817DB000781E5 /* AppCoordinator.swift */,
				0FDB966E22F81808000781E5 /* AppCoordinatorType.swift */,
			);
			path = Coordinators;
			sourceTree = "<group>";
		};
		0FDB967022F8188F000781E5 /* Scenes */ = {
			isa = PBXGroup;
			children = (
				0FDB967122F818A3000781E5 /* StartupScene.swift */,
			);
			path = Scenes;
			sourceTree = "<group>";
		};
		0FDB967322F8191A000781E5 /* CompanySelect */ = {
			isa = PBXGroup;
			children = (
				0FDB967722F81934000781E5 /* Views */,
				0FDB967622F8192D000781E5 /* Models */,
				0FDB967522F81928000781E5 /* ViewModel */,
				0FDB967422F81922000781E5 /* Controller */,
			);
			path = CompanySelect;
			sourceTree = "<group>";
		};
		0FDB967422F81922000781E5 /* Controller */ = {
			isa = PBXGroup;
			children = (
				0FDB968422F81A50000781E5 /* CompanySelectViewController.swift */,
				0FDB968522F81A50000781E5 /* CompanySelectViewController.xib */,
			);
			path = Controller;
			sourceTree = "<group>";
		};
		0FDB967522F81928000781E5 /* ViewModel */ = {
			isa = PBXGroup;
			children = (
				0FDB967D22F8196D000781E5 /* CompanySelectViewModelType.swift */,
				0FDB967F22F8198B000781E5 /* CompanySelectViewModel.swift */,
			);
			path = ViewModel;
			sourceTree = "<group>";
		};
		0FDB967622F8192D000781E5 /* Models */ = {
			isa = PBXGroup;
			children = (
				06AB2C8023015CDE0087B9BB /* CompanyModel.swift */,
			);
			path = Models;
			sourceTree = "<group>";
		};
		0FDB967722F81934000781E5 /* Views */ = {
			isa = PBXGroup;
			children = (
				06AB2C7323013B890087B9BB /* CompanyHeaderView.swift */,
				06AB2C7523013BAC0087B9BB /* CompanyHeaderView.xib */,
				06AB2C7823013C9E0087B9BB /* CompanyDetailView.swift */,
				06AB2C7A23013CB20087B9BB /* CompanyDetailView.xib */,
				06AB2C7C23013D780087B9BB /* CompanyCell.swift */,
				06AB2C7D23013D780087B9BB /* CompanyCell.xib */,
			);
			path = Views;
			sourceTree = "<group>";
		};
		0FDB967822F8193E000781E5 /* InvoiceList */ = {
			isa = PBXGroup;
			children = (
				0FDB967922F8195A000781E5 /* Controller */,
				0FDB967B22F8195A000781E5 /* Models */,
				0FDB967A22F8195A000781E5 /* ViewModel */,
				0FDB967C22F8195A000781E5 /* Views */,
			);
			path = InvoiceList;
			sourceTree = "<group>";
		};
		0FDB967922F8195A000781E5 /* Controller */ = {
			isa = PBXGroup;
			children = (
				0FDB968C22F81C01000781E5 /* InvoiceListViewController.swift */,
				0FDB968D22F81C01000781E5 /* InvoiceListViewController.xib */,
			);
			path = Controller;
			sourceTree = "<group>";
		};
		0FDB967A22F8195A000781E5 /* ViewModel */ = {
			isa = PBXGroup;
			children = (
				0FDB968822F81BC3000781E5 /* InvoiceListViewModelType.swift */,
				0FDB968A22F81BD7000781E5 /* InvoiceListViewModel.swift */,
			);
			path = ViewModel;
			sourceTree = "<group>";
		};
		0FDB967B22F8195A000781E5 /* Models */ = {
			isa = PBXGroup;
			children = (
				5938D1C2230AB5150067C295 /* CoreDataModel */,
				5934C8F522F96337001A8292 /* InvoiceModel.swift */,
			);
			path = Models;
			sourceTree = "<group>";
		};
		0FDB967C22F8195A000781E5 /* Views */ = {
			isa = PBXGroup;
			children = (
				596390A422FF740600C21658 /* menuBar.xib */,
				596390A622FF747300C21658 /* menuBar.swift */,
				5934C8F722F96457001A8292 /* Cells */,
			);
			path = Views;
			sourceTree = "<group>";
		};
		0FDB968122F819CB000781E5 /* Controllers */ = {
			isa = PBXGroup;
			children = (
				0FDB968222F819E7000781E5 /* BaseViewController.swift */,
			);
			path = Controllers;
			sourceTree = "<group>";
		};
		25574C7B8DA4C1E580D78EF4 /* Pods */ = {
			isa = PBXGroup;
			children = (
				F0E080F474F34AB30220EEED /* Pods-invoice-app.debug.xcconfig */,
				2CAE98E5C520527D407163D0 /* Pods-invoice-app.release.xcconfig */,
			);
			path = Pods;
			sourceTree = "<group>";
		};
		590B98EA2302AF390006FCA6 /* CustomerDetailsCell */ = {
			isa = PBXGroup;
			children = (
				590B98EB2302AF4C0006FCA6 /* CustomerDetailsView */,
				590B98F42302B7F80006FCA6 /* CustomerDetailsCell.swift */,
				590B98F52302B7F80006FCA6 /* CustomerDetailsCell.xib */,
			);
			path = CustomerDetailsCell;
			sourceTree = "<group>";
		};
		590B98EB2302AF4C0006FCA6 /* CustomerDetailsView */ = {
			isa = PBXGroup;
			children = (
				590B98FE2302BA2E0006FCA6 /* CustomerDetailView.swift */,
				590B98FC2302BA1B0006FCA6 /* CustomerDetailView.xib */,
			);
			path = CustomerDetailsView;
			sourceTree = "<group>";
		};
		592B11CE22FA98E30068772E /* Extensions */ = {
			isa = PBXGroup;
			children = (
				592B11CF22FA98FF0068772E /* UICollectionFlowLayout + "".swift */,
				59CA9F7322FD73C8000C6AA9 /* UILabel + Padding.swift */,
				5938D1F7230AF3F00067C295 /* UITextField + Placeholder color.swift */,
				5938D1FA230B40660067C295 /* UITextField + Padding.swift */,
				5926DD44230BE92100D7CE29 /* UIView + Shadow.swift */,
			);
			path = Extensions;
			sourceTree = "<group>";
		};
		592B11D222FAB7CC0068772E /* InvoiceDetails */ = {
			isa = PBXGroup;
			children = (
				59CA9F6722FD45D3000C6AA9 /* Controller */,
				59CA9F6522FD45BD000C6AA9 /* ViewModel */,
				59CA9F6622FD45CC000C6AA9 /* Models */,
				59CA9F7222FD5D72000C6AA9 /* Views */,
			);
			name = InvoiceDetails;
			path = ../..;
			sourceTree = "<group>";
		};
		5934C8F722F96457001A8292 /* Cells */ = {
			isa = PBXGroup;
			children = (
				5934C8F822F96477001A8292 /* InvoiceCollectionViewCell.swift */,
				5934C8F922F96477001A8292 /* InvoiceCollectionViewCell.xib */,
			);
			path = Cells;
			sourceTree = "<group>";
		};
		5934C8FC22F96C9A001A8292 /* Layouts */ = {
			isa = PBXGroup;
			children = (
				592B11CA22F997E60068772E /* InvoiceCollectionFlowLayout.swift */,
			);
			path = Layouts;
			sourceTree = "<group>";
		};
		5938D1BC230AA5890067C295 /* Service */ = {
			isa = PBXGroup;
			children = (
				5938D1BD230AA59A0067C295 /* InvoiceService.swift */,
			);
			path = Service;
			sourceTree = "<group>";
		};
		5938D1C2230AB5150067C295 /* CoreDataModel */ = {
			isa = PBXGroup;
			children = (
				5938D1BF230AB3B70067C295 /* InvoiceModel.xcdatamodeld */,
			);
			path = CoreDataModel;
			sourceTree = "<group>";
		};
		599331B8230159E500C024EC /* InvoiceDetailViewControllerTopView */ = {
			isa = PBXGroup;
			children = (
				599331B023014F3E00C024EC /* InvoiceDetailTopView.xib */,
				599331B223014F8A00C024EC /* InvoiceDetailTopView.swift */,
			);
			path = InvoiceDetailViewControllerTopView;
			sourceTree = "<group>";
		};
		599331BA23028DAB00C024EC /* NewInvoice */ = {
			isa = PBXGroup;
			children = (
				599331BB23028DBB00C024EC /* Controller */,
				599331BD23028DCD00C024EC /* ViewModel */,
				599331BC23028DC100C024EC /* Models */,
				599331BE23028DD600C024EC /* Views */,
			);
			path = NewInvoice;
			sourceTree = "<group>";
		};
		599331BB23028DBB00C024EC /* Controller */ = {
			isa = PBXGroup;
			children = (
				5940B444230A6A2300BE234A /* NewInvoiceViewController.swift */,
				5940B445230A6A2300BE234A /* NewInvoiceViewController.xib */,
			);
			path = Controller;
			sourceTree = "<group>";
		};
		599331BC23028DC100C024EC /* Models */ = {
			isa = PBXGroup;
			children = (
			);
			path = Models;
			sourceTree = "<group>";
		};
		599331BD23028DCD00C024EC /* ViewModel */ = {
			isa = PBXGroup;
			children = (
				5938D1B8230A933A0067C295 /* NewInvoiceViewModel.swift */,
				5938D1BA230A93490067C295 /* NewInvoiceViewModelType.swift */,
			);
			path = ViewModel;
			sourceTree = "<group>";
		};
		599331BE23028DD600C024EC /* Views */ = {
			isa = PBXGroup;
			children = (
				5938D1F3230AE38A0067C295 /* InvoiceForm.swift */,
				5938D1F5230AE4A70067C295 /* InvoiceForm.xib */,
			);
			path = Views;
			sourceTree = "<group>";
		};
		599C0C972303D7FD00CA7DB4 /* CustomerAddressCell */ = {
			isa = PBXGroup;
			children = (
				599C0CAB2303ED9900CA7DB4 /* CustomerAddressView */,
				59026366230411AB0017C4D5 /* CustomerAddressCell.swift */,
				59026367230411AB0017C4D5 /* CustomerAddressCell.xib */,
			);
			path = CustomerAddressCell;
			sourceTree = "<group>";
		};
		599C0C9D2303DB0200CA7DB4 /* Errors */ = {
			isa = PBXGroup;
			children = (
				599C0C9E2303DB1900CA7DB4 /* CellError.swift */,
			);
			path = Errors;
			sourceTree = "<group>";
		};
		599C0CAB2303ED9900CA7DB4 /* CustomerAddressView */ = {
			isa = PBXGroup;
			children = (
				5902636A230411F60017C4D5 /* CustomerAddressView.xib */,
				5902636C230412150017C4D5 /* CustomerAddressView.swift */,
			);
			path = CustomerAddressView;
			sourceTree = "<group>";
		};
		59AB9296230D0C4300AA747F /* Services */ = {
			isa = PBXGroup;
			children = (
				59AB9297230D0C4300AA747F /* Local */,
			);
			path = Services;
			sourceTree = "<group>";
		};
		59AB9297230D0C4300AA747F /* Local */ = {
			isa = PBXGroup;
			children = (
				59AB9298230D0C4300AA747F /* Company+CoreDataClass.swift */,
				59AB9299230D0C4300AA747F /* CoreData.xcdatamodeld */,
				59AB929B230D0C4300AA747F /* Company+CoreDataProperties.swift */,
				59AB929C230D0C4300AA747F /* PersistanceManager.swift */,
			);
			path = Local;
			sourceTree = "<group>";
		};
		59CA9F6522FD45BD000C6AA9 /* ViewModel */ = {
			isa = PBXGroup;
			children = (
				59CA9F6C22FD4625000C6AA9 /* InvoiceDetailViewModel.swift */,
				59CA9F6E22FD4764000C6AA9 /* InvoiceDetailViewModelType.swift */,
			);
			path = ViewModel;
			sourceTree = "<group>";
		};
		59CA9F6622FD45CC000C6AA9 /* Models */ = {
			isa = PBXGroup;
			children = (
			);
			path = Models;
			sourceTree = "<group>";
		};
		59CA9F6722FD45D3000C6AA9 /* Controller */ = {
			isa = PBXGroup;
			children = (
				599331B8230159E500C024EC /* InvoiceDetailViewControllerTopView */,
				59CA9F3322FBFE64000C6AA9 /* InvoiceDetailViewController.swift */,
				59CA9F3422FBFE64000C6AA9 /* InvoiceDetailViewController.xib */,
			);
			path = Controller;
			sourceTree = "<group>";
		};
		59CA9F6922FD45E5000C6AA9 /* Cells */ = {
			isa = PBXGroup;
			children = (
				590B98EA2302AF390006FCA6 /* CustomerDetailsCell */,
				599C0C972303D7FD00CA7DB4 /* CustomerAddressCell */,
				59D0E2CD2305D29C005D6795 /* CustomerItemsCell */,
			);
			path = Cells;
			sourceTree = "<group>";
		};
		59CA9F7222FD5D72000C6AA9 /* Views */ = {
			isa = PBXGroup;
			children = (
				59CA9F6922FD45E5000C6AA9 /* Cells */,
			);
			path = Views;
			sourceTree = "<group>";
		};
		59D0E2CD2305D29C005D6795 /* CustomerItemsCell */ = {
			isa = PBXGroup;
			children = (
				59D0E2D22305D349005D6795 /* CustomerItemsView */,
				59D0E2CE2305D2B8005D6795 /* CustomerItemsCell.swift */,
				59D0E2CF2305D2B8005D6795 /* CustomerItemsCell.xib */,
			);
			path = CustomerItemsCell;
			sourceTree = "<group>";
		};
		59D0E2D22305D349005D6795 /* CustomerItemsView */ = {
			isa = PBXGroup;
			children = (
				59D0E2D32305D357005D6795 /* CustomerItemsView.xib */,
				59D0E2D52305D363005D6795 /* CustomerItemsView.swift */,
			);
			path = CustomerItemsView;
			sourceTree = "<group>";
		};
		F4CCCBF1B3EA42DEAA5971D9 /* Frameworks */ = {
			isa = PBXGroup;
			children = (
				6095893B07F4534388E44CAF /* Pods_invoice_app.framework */,
			);
			name = Frameworks;
			sourceTree = "<group>";
		};
/* End PBXGroup section */

/* Begin PBXNativeTarget section */
		0FDB963522F80C76000781E5 /* invoice-app */ = {
			isa = PBXNativeTarget;
			buildConfigurationList = 0FDB964822F80C77000781E5 /* Build configuration list for PBXNativeTarget "invoice-app" */;
			buildPhases = (
				E7444C6F99E5AD878F466C76 /* [CP] Check Pods Manifest.lock */,
				0FDB963222F80C76000781E5 /* Sources */,
				0FDB963322F80C76000781E5 /* Frameworks */,
				0FDB963422F80C76000781E5 /* Resources */,
				BAF6F11A4F072A4CF40EDB23 /* [CP] Embed Pods Frameworks */,
			);
			buildRules = (
			);
			dependencies = (
			);
			name = "invoice-app";
			productName = "invoice-app";
			productReference = 0FDB963622F80C76000781E5 /* invoice-app.app */;
			productType = "com.apple.product-type.application";
		};
/* End PBXNativeTarget section */

/* Begin PBXProject section */
		0FDB962E22F80C76000781E5 /* Project object */ = {
			isa = PBXProject;
			attributes = {
				LastSwiftUpdateCheck = 1010;
				LastUpgradeCheck = 1010;
				ORGANIZATIONNAME = Softwarehut;
				TargetAttributes = {
					0FDB963522F80C76000781E5 = {
						CreatedOnToolsVersion = 10.1;
					};
				};
			};
			buildConfigurationList = 0FDB963122F80C76000781E5 /* Build configuration list for PBXProject "invoice-app" */;
			compatibilityVersion = "Xcode 9.3";
			developmentRegion = en;
			hasScannedForEncodings = 0;
			knownRegions = (
				en,
				Base,
			);
			mainGroup = 0FDB962D22F80C76000781E5;
			productRefGroup = 0FDB963722F80C76000781E5 /* Products */;
			projectDirPath = "";
			projectRoot = "";
			targets = (
				0FDB963522F80C76000781E5 /* invoice-app */,
			);
		};
/* End PBXProject section */

/* Begin PBXResourcesBuildPhase section */
		0FDB963422F80C76000781E5 /* Resources */ = {
			isa = PBXResourcesBuildPhase;
			buildActionMask = 2147483647;
			files = (
				5934C8FB22F96477001A8292 /* InvoiceCollectionViewCell.xib in Resources */,
				5938D1F6230AE4A70067C295 /* InvoiceForm.xib in Resources */,
				0FDB964422F80C77000781E5 /* LaunchScreen.storyboard in Resources */,
				599331B123014F3E00C024EC /* InvoiceDetailTopView.xib in Resources */,
				06AB2C7F23013D780087B9BB /* CompanyCell.xib in Resources */,
				0FDB968722F81A50000781E5 /* CompanySelectViewController.xib in Resources */,
				59026369230411AB0017C4D5 /* CustomerAddressCell.xib in Resources */,
				59CA9F3622FBFE64000C6AA9 /* InvoiceDetailViewController.xib in Resources */,
				590B98F72302B7F80006FCA6 /* CustomerDetailsCell.xib in Resources */,
				5902636B230411F60017C4D5 /* CustomerAddressView.xib in Resources */,
				0FDB968F22F81C01000781E5 /* InvoiceListViewController.xib in Resources */,
				5940B447230A6A2300BE234A /* NewInvoiceViewController.xib in Resources */,
				590B98FD2302BA1B0006FCA6 /* CustomerDetailView.xib in Resources */,
				596390A522FF740600C21658 /* menuBar.xib in Resources */,
				59D0E2D12305D2B8005D6795 /* CustomerItemsCell.xib in Resources */,
				0FDB964122F80C77000781E5 /* Assets.xcassets in Resources */,
				59D0E2D42305D357005D6795 /* CustomerItemsView.xib in Resources */,
				06AB2C7623013BAC0087B9BB /* CompanyHeaderView.xib in Resources */,
				06AB2C7B23013CB20087B9BB /* CompanyDetailView.xib in Resources */,
			);
			runOnlyForDeploymentPostprocessing = 0;
		};
/* End PBXResourcesBuildPhase section */

/* Begin PBXShellScriptBuildPhase section */
		BAF6F11A4F072A4CF40EDB23 /* [CP] Embed Pods Frameworks */ = {
			isa = PBXShellScriptBuildPhase;
			buildActionMask = 2147483647;
			files = (
			);
			inputFileListPaths = (
				"${PODS_ROOT}/Target Support Files/Pods-invoice-app/Pods-invoice-app-frameworks-${CONFIGURATION}-input-files.xcfilelist",
			);
			name = "[CP] Embed Pods Frameworks";
			outputFileListPaths = (
				"${PODS_ROOT}/Target Support Files/Pods-invoice-app/Pods-invoice-app-frameworks-${CONFIGURATION}-output-files.xcfilelist",
			);
			runOnlyForDeploymentPostprocessing = 0;
			shellPath = /bin/sh;
			shellScript = "\"${PODS_ROOT}/Target Support Files/Pods-invoice-app/Pods-invoice-app-frameworks.sh\"\n";
			showEnvVarsInLog = 0;
		};
		E7444C6F99E5AD878F466C76 /* [CP] Check Pods Manifest.lock */ = {
			isa = PBXShellScriptBuildPhase;
			buildActionMask = 2147483647;
			files = (
			);
			inputFileListPaths = (
			);
			inputPaths = (
				"${PODS_PODFILE_DIR_PATH}/Podfile.lock",
				"${PODS_ROOT}/Manifest.lock",
			);
			name = "[CP] Check Pods Manifest.lock";
			outputFileListPaths = (
			);
			outputPaths = (
				"$(DERIVED_FILE_DIR)/Pods-invoice-app-checkManifestLockResult.txt",
			);
			runOnlyForDeploymentPostprocessing = 0;
			shellPath = /bin/sh;
			shellScript = "diff \"${PODS_PODFILE_DIR_PATH}/Podfile.lock\" \"${PODS_ROOT}/Manifest.lock\" > /dev/null\nif [ $? != 0 ] ; then\n    # print error to STDERR\n    echo \"error: The sandbox is not in sync with the Podfile.lock. Run 'pod install' or update your CocoaPods installation.\" >&2\n    exit 1\nfi\n# This output is used by Xcode 'outputs' to avoid re-running this script phase.\necho \"SUCCESS\" > \"${SCRIPT_OUTPUT_FILE_0}\"\n";
			showEnvVarsInLog = 0;
		};
/* End PBXShellScriptBuildPhase section */

/* Begin PBXSourcesBuildPhase section */
		0FDB963222F80C76000781E5 /* Sources */ = {
			isa = PBXSourcesBuildPhase;
			buildActionMask = 2147483647;
			files = (
				0FDB967E22F8196D000781E5 /* CompanySelectViewModelType.swift in Sources */,
				5938D1BE230AA59A0067C295 /* InvoiceService.swift in Sources */,
				59AB929E230D0C4C00AA747F /* CoreData.xcdatamodeld in Sources */,
				0FDB966F22F81808000781E5 /* AppCoordinatorType.swift in Sources */,
				5934C8F622F96337001A8292 /* InvoiceModel.swift in Sources */,
				0FDB967222F818A3000781E5 /* StartupScene.swift in Sources */,
				0FDB965B22F813F1000781E5 /* SceneType.swift in Sources */,
				06AB2C7423013B890087B9BB /* CompanyHeaderView.swift in Sources */,
				0FDB965D22F813F1000781E5 /* SceneCoordinator.swift in Sources */,
				0FDB968322F819E7000781E5 /* BaseViewController.swift in Sources */,
				59026368230411AB0017C4D5 /* CustomerAddressCell.swift in Sources */,
				59AB929D230D0C4C00AA747F /* Company+CoreDataClass.swift in Sources */,
				599331B323014F8A00C024EC /* InvoiceDetailTopView.swift in Sources */,
				590B98FF2302BA2E0006FCA6 /* CustomerDetailView.swift in Sources */,
				590B98F62302B7F80006FCA6 /* CustomerDetailsCell.swift in Sources */,
				06AB2C7923013C9E0087B9BB /* CompanyDetailView.swift in Sources */,
				59CA9F3522FBFE64000C6AA9 /* InvoiceDetailViewController.swift in Sources */,
				59CA9F6D22FD4625000C6AA9 /* InvoiceDetailViewModel.swift in Sources */,
				0FDB966D22F817DB000781E5 /* AppCoordinator.swift in Sources */,
				0FDB966422F81598000781E5 /* ViewControllerAssembly.swift in Sources */,
				5926DD45230BE92100D7CE29 /* UIView + Shadow.swift in Sources */,
				06AB2C7E23013D780087B9BB /* CompanyCell.swift in Sources */,
				592B11CB22F997E60068772E /* InvoiceCollectionFlowLayout.swift in Sources */,
				0FDB966822F81611000781E5 /* CoordinatorAssembly.swift in Sources */,
				0FDB968B22F81BD7000781E5 /* InvoiceListViewModel.swift in Sources */,
				0FDB965C22F813F1000781E5 /* SceneCoordinatorType.swift in Sources */,
				0FDB966022F8141E000781E5 /* ViewControllerResolver.swift in Sources */,
				0FDB966A22F8166F000781E5 /* ViewModelAssembly.swift in Sources */,
				5934C8FA22F96477001A8292 /* InvoiceCollectionViewCell.swift in Sources */,
				596390A722FF747300C21658 /* menuBar.swift in Sources */,
				0FDB968922F81BC3000781E5 /* InvoiceListViewModelType.swift in Sources */,
				0FDB968022F8198B000781E5 /* CompanySelectViewModel.swift in Sources */,
				5940B446230A6A2300BE234A /* NewInvoiceViewController.swift in Sources */,
				59D0E2D62305D363005D6795 /* CustomerItemsView.swift in Sources */,
				59CA9F7422FD73C8000C6AA9 /* UILabel + Padding.swift in Sources */,
				5938D1F8230AF3F00067C295 /* UITextField + Placeholder color.swift in Sources */,
				0FDB968622F81A50000781E5 /* CompanySelectViewController.swift in Sources */,
				06AB2C8123015CDE0087B9BB /* CompanyModel.swift in Sources */,
				0FDB966622F815D2000781E5 /* ServiceAssembly.swift in Sources */,
				599C0C9F2303DB1900CA7DB4 /* CellError.swift in Sources */,
				0FDB966222F81435000781E5 /* ViewControllerResolverType.swift in Sources */,
				5938D1C1230AB3B70067C295 /* InvoiceModel.xcdatamodeld in Sources */,
				5902636D230412150017C4D5 /* CustomerAddressView.swift in Sources */,
				59AB929F230D0C4C00AA747F /* Company+CoreDataProperties.swift in Sources */,
				59CA9F6F22FD4764000C6AA9 /* InvoiceDetailViewModelType.swift in Sources */,
				0FDB968E22F81C01000781E5 /* InvoiceListViewController.swift in Sources */,
				5938D1BB230A93490067C295 /* NewInvoiceViewModelType.swift in Sources */,
				0FDB963A22F80C76000781E5 /* AppDelegate.swift in Sources */,
				5938D1B9230A933A0067C295 /* NewInvoiceViewModel.swift in Sources */,
				5938D1F4230AE38A0067C295 /* InvoiceForm.swift in Sources */,
				59D0E2D02305D2B8005D6795 /* CustomerItemsCell.swift in Sources */,
				592B11D022FA98FF0068772E /* UICollectionFlowLayout + "".swift in Sources */,
				0FDB965522F80FA9000781E5 /* InitializationAssembly.swift in Sources */,
				5938D1FB230B40660067C295 /* UITextField + Padding.swift in Sources */,
				0FDB965E22F813F1000781E5 /* SceneTransitionType.swift in Sources */,
				59AB92A0230D0C4C00AA747F /* PersistanceManager.swift in Sources */,
			);
			runOnlyForDeploymentPostprocessing = 0;
		};
/* End PBXSourcesBuildPhase section */

/* Begin PBXVariantGroup section */
		0FDB964222F80C77000781E5 /* LaunchScreen.storyboard */ = {
			isa = PBXVariantGroup;
			children = (
				0FDB964322F80C77000781E5 /* Base */,
			);
			name = LaunchScreen.storyboard;
			sourceTree = "<group>";
		};
/* End PBXVariantGroup section */

/* Begin XCBuildConfiguration section */
		0FDB964622F80C77000781E5 /* Debug */ = {
			isa = XCBuildConfiguration;
			buildSettings = {
				ALWAYS_SEARCH_USER_PATHS = NO;
				CLANG_ANALYZER_NONNULL = YES;
				CLANG_ANALYZER_NUMBER_OBJECT_CONVERSION = YES_AGGRESSIVE;
				CLANG_CXX_LANGUAGE_STANDARD = "gnu++14";
				CLANG_CXX_LIBRARY = "libc++";
				CLANG_ENABLE_MODULES = YES;
				CLANG_ENABLE_OBJC_ARC = YES;
				CLANG_ENABLE_OBJC_WEAK = YES;
				CLANG_WARN_BLOCK_CAPTURE_AUTORELEASING = YES;
				CLANG_WARN_BOOL_CONVERSION = YES;
				CLANG_WARN_COMMA = YES;
				CLANG_WARN_CONSTANT_CONVERSION = YES;
				CLANG_WARN_DEPRECATED_OBJC_IMPLEMENTATIONS = YES;
				CLANG_WARN_DIRECT_OBJC_ISA_USAGE = YES_ERROR;
				CLANG_WARN_DOCUMENTATION_COMMENTS = YES;
				CLANG_WARN_EMPTY_BODY = YES;
				CLANG_WARN_ENUM_CONVERSION = YES;
				CLANG_WARN_INFINITE_RECURSION = YES;
				CLANG_WARN_INT_CONVERSION = YES;
				CLANG_WARN_NON_LITERAL_NULL_CONVERSION = YES;
				CLANG_WARN_OBJC_IMPLICIT_RETAIN_SELF = YES;
				CLANG_WARN_OBJC_LITERAL_CONVERSION = YES;
				CLANG_WARN_OBJC_ROOT_CLASS = YES_ERROR;
				CLANG_WARN_RANGE_LOOP_ANALYSIS = YES;
				CLANG_WARN_STRICT_PROTOTYPES = YES;
				CLANG_WARN_SUSPICIOUS_MOVE = YES;
				CLANG_WARN_UNGUARDED_AVAILABILITY = YES_AGGRESSIVE;
				CLANG_WARN_UNREACHABLE_CODE = YES;
				CLANG_WARN__DUPLICATE_METHOD_MATCH = YES;
				CODE_SIGN_IDENTITY = "iPhone Developer";
				COPY_PHASE_STRIP = NO;
				DEBUG_INFORMATION_FORMAT = dwarf;
				ENABLE_STRICT_OBJC_MSGSEND = YES;
				ENABLE_TESTABILITY = YES;
				GCC_C_LANGUAGE_STANDARD = gnu11;
				GCC_DYNAMIC_NO_PIC = NO;
				GCC_NO_COMMON_BLOCKS = YES;
				GCC_OPTIMIZATION_LEVEL = 0;
				GCC_PREPROCESSOR_DEFINITIONS = (
					"DEBUG=1",
					"$(inherited)",
				);
				GCC_WARN_64_TO_32_BIT_CONVERSION = YES;
				GCC_WARN_ABOUT_RETURN_TYPE = YES_ERROR;
				GCC_WARN_UNDECLARED_SELECTOR = YES;
				GCC_WARN_UNINITIALIZED_AUTOS = YES_AGGRESSIVE;
				GCC_WARN_UNUSED_FUNCTION = YES;
				GCC_WARN_UNUSED_VARIABLE = YES;
				IPHONEOS_DEPLOYMENT_TARGET = 12.1;
				MTL_ENABLE_DEBUG_INFO = INCLUDE_SOURCE;
				MTL_FAST_MATH = YES;
				ONLY_ACTIVE_ARCH = YES;
				SDKROOT = iphoneos;
				SWIFT_ACTIVE_COMPILATION_CONDITIONS = DEBUG;
				SWIFT_OPTIMIZATION_LEVEL = "-Onone";
			};
			name = Debug;
		};
		0FDB964722F80C77000781E5 /* Release */ = {
			isa = XCBuildConfiguration;
			buildSettings = {
				ALWAYS_SEARCH_USER_PATHS = NO;
				CLANG_ANALYZER_NONNULL = YES;
				CLANG_ANALYZER_NUMBER_OBJECT_CONVERSION = YES_AGGRESSIVE;
				CLANG_CXX_LANGUAGE_STANDARD = "gnu++14";
				CLANG_CXX_LIBRARY = "libc++";
				CLANG_ENABLE_MODULES = YES;
				CLANG_ENABLE_OBJC_ARC = YES;
				CLANG_ENABLE_OBJC_WEAK = YES;
				CLANG_WARN_BLOCK_CAPTURE_AUTORELEASING = YES;
				CLANG_WARN_BOOL_CONVERSION = YES;
				CLANG_WARN_COMMA = YES;
				CLANG_WARN_CONSTANT_CONVERSION = YES;
				CLANG_WARN_DEPRECATED_OBJC_IMPLEMENTATIONS = YES;
				CLANG_WARN_DIRECT_OBJC_ISA_USAGE = YES_ERROR;
				CLANG_WARN_DOCUMENTATION_COMMENTS = YES;
				CLANG_WARN_EMPTY_BODY = YES;
				CLANG_WARN_ENUM_CONVERSION = YES;
				CLANG_WARN_INFINITE_RECURSION = YES;
				CLANG_WARN_INT_CONVERSION = YES;
				CLANG_WARN_NON_LITERAL_NULL_CONVERSION = YES;
				CLANG_WARN_OBJC_IMPLICIT_RETAIN_SELF = YES;
				CLANG_WARN_OBJC_LITERAL_CONVERSION = YES;
				CLANG_WARN_OBJC_ROOT_CLASS = YES_ERROR;
				CLANG_WARN_RANGE_LOOP_ANALYSIS = YES;
				CLANG_WARN_STRICT_PROTOTYPES = YES;
				CLANG_WARN_SUSPICIOUS_MOVE = YES;
				CLANG_WARN_UNGUARDED_AVAILABILITY = YES_AGGRESSIVE;
				CLANG_WARN_UNREACHABLE_CODE = YES;
				CLANG_WARN__DUPLICATE_METHOD_MATCH = YES;
				CODE_SIGN_IDENTITY = "iPhone Developer";
				COPY_PHASE_STRIP = NO;
				DEBUG_INFORMATION_FORMAT = "dwarf-with-dsym";
				ENABLE_NS_ASSERTIONS = NO;
				ENABLE_STRICT_OBJC_MSGSEND = YES;
				GCC_C_LANGUAGE_STANDARD = gnu11;
				GCC_NO_COMMON_BLOCKS = YES;
				GCC_WARN_64_TO_32_BIT_CONVERSION = YES;
				GCC_WARN_ABOUT_RETURN_TYPE = YES_ERROR;
				GCC_WARN_UNDECLARED_SELECTOR = YES;
				GCC_WARN_UNINITIALIZED_AUTOS = YES_AGGRESSIVE;
				GCC_WARN_UNUSED_FUNCTION = YES;
				GCC_WARN_UNUSED_VARIABLE = YES;
				IPHONEOS_DEPLOYMENT_TARGET = 12.1;
				MTL_ENABLE_DEBUG_INFO = NO;
				MTL_FAST_MATH = YES;
				SDKROOT = iphoneos;
				SWIFT_COMPILATION_MODE = wholemodule;
				SWIFT_OPTIMIZATION_LEVEL = "-O";
				VALIDATE_PRODUCT = YES;
			};
			name = Release;
		};
		0FDB964922F80C77000781E5 /* Debug */ = {
			isa = XCBuildConfiguration;
			baseConfigurationReference = F0E080F474F34AB30220EEED /* Pods-invoice-app.debug.xcconfig */;
			buildSettings = {
				ASSETCATALOG_COMPILER_APPICON_NAME = AppIcon;
				CODE_SIGN_IDENTITY = "iPhone Developer";
				CODE_SIGN_STYLE = Automatic;
				DEVELOPMENT_TEAM = PY36A6DHWC;
				INFOPLIST_FILE = "$(SRCROOT)/invoice-app/Configuration/Info.plist";
				LD_RUNPATH_SEARCH_PATHS = (
					"$(inherited)",
					"@executable_path/Frameworks",
				);
				PRODUCT_BUNDLE_IDENTIFIER = "com.softwarehut.invoice-app";
				PRODUCT_NAME = "$(TARGET_NAME)";
				PROVISIONING_PROFILE_SPECIFIER = "";
				SWIFT_VERSION = 4.2;
				TARGETED_DEVICE_FAMILY = "1,2";
			};
			name = Debug;
		};
		0FDB964A22F80C77000781E5 /* Release */ = {
			isa = XCBuildConfiguration;
			baseConfigurationReference = 2CAE98E5C520527D407163D0 /* Pods-invoice-app.release.xcconfig */;
			buildSettings = {
				ASSETCATALOG_COMPILER_APPICON_NAME = AppIcon;
				CODE_SIGN_IDENTITY = "iPhone Developer";
				CODE_SIGN_STYLE = Automatic;
				DEVELOPMENT_TEAM = PY36A6DHWC;
				INFOPLIST_FILE = "$(SRCROOT)/invoice-app/Configuration/Info.plist";
				LD_RUNPATH_SEARCH_PATHS = (
					"$(inherited)",
					"@executable_path/Frameworks",
				);
				PRODUCT_BUNDLE_IDENTIFIER = "com.softwarehut.invoice-app";
				PRODUCT_NAME = "$(TARGET_NAME)";
				PROVISIONING_PROFILE_SPECIFIER = "";
				SWIFT_VERSION = 4.2;
				TARGETED_DEVICE_FAMILY = "1,2";
			};
			name = Release;
		};
/* End XCBuildConfiguration section */

/* Begin XCConfigurationList section */
		0FDB963122F80C76000781E5 /* Build configuration list for PBXProject "invoice-app" */ = {
			isa = XCConfigurationList;
			buildConfigurations = (
				0FDB964622F80C77000781E5 /* Debug */,
				0FDB964722F80C77000781E5 /* Release */,
			);
			defaultConfigurationIsVisible = 0;
			defaultConfigurationName = Release;
		};
		0FDB964822F80C77000781E5 /* Build configuration list for PBXNativeTarget "invoice-app" */ = {
			isa = XCConfigurationList;
			buildConfigurations = (
				0FDB964922F80C77000781E5 /* Debug */,
				0FDB964A22F80C77000781E5 /* Release */,
			);
			defaultConfigurationIsVisible = 0;
			defaultConfigurationName = Release;
		};
/* End XCConfigurationList section */

/* Begin XCVersionGroup section */
		5938D1BF230AB3B70067C295 /* InvoiceModel.xcdatamodeld */ = {
			isa = XCVersionGroup;
			children = (
				5938D1C0230AB3B70067C295 /* InvoiceModel.xcdatamodel */,
			);
			currentVersion = 5938D1C0230AB3B70067C295 /* InvoiceModel.xcdatamodel */;
			path = InvoiceModel.xcdatamodeld;
			sourceTree = "<group>";
			versionGroupType = wrapper.xcdatamodel;
		};
		59AB9299230D0C4300AA747F /* CoreData.xcdatamodeld */ = {
			isa = XCVersionGroup;
			children = (
				59AB929A230D0C4300AA747F /* CoreData.xcdatamodel */,
			);
			currentVersion = 59AB929A230D0C4300AA747F /* CoreData.xcdatamodel */;
			path = CoreData.xcdatamodeld;
			sourceTree = "<group>";
			versionGroupType = wrapper.xcdatamodel;
		};
/* End XCVersionGroup section */
	};
	rootObject = 0FDB962E22F80C76000781E5 /* Project object */;
}
